
Microsoft Visual Studio Solution File, Format Version 12.00
Project("{FAE04EC0-301F-11D3-BF4B-00C04F79EFBC}") = "NotificationFactory", "NotificationFactory\NotificationFactory.csproj", "{537BB926-13E4-460C-B773-C812D1B50C23}"
EndProject
Global
	GlobalSection(SolutionConfigurationPlatforms) = preSolution
		Debug|Any CPU = Debug|Any CPU
		Release|Any CPU = Release|Any CPU
	EndGlobalSection
	GlobalSection(ProjectConfigurationPlatforms) = postSolution
		{537BB926-13E4-460C-B773-C812D1B50C23}.Debug|Any CPU.ActiveCfg = Debug|Any CPU
		{537BB926-13E4-460C-B773-C812D1B50C23}.Debug|Any CPU.Build.0 = Debug|Any CPU
		{537BB926-13E4-460C-B773-C812D1B50C23}.Release|Any CPU.ActiveCfg = Release|Any CPU
		{537BB926-13E4-460C-B773-C812D1B50C23}.Release|Any CPU.Build.0 = Release|Any CPU
	EndGlobalSection
EndGlobal
